
Microsoft Visual Studio Solution File, Format Version 12.00
# Visual Studio Version 17
VisualStudioVersion = 17.14.36511.14 d17.14
MinimumVisualStudioVersion = 10.0.40219.1
Project("{FAE04EC0-301F-11D3-BF4B-00C04F79EFBC}") = "sad2dApp2", "sad2dApp2\sad2dApp2.csproj", "{9B210954-3580-4DB9-80C5-FAF72E8AD198}"
EndProject
Global
	GlobalSection(SolutionConfigurationPlatforms) = preSolution
		Debug|Any CPU = Debug|Any CPU
		Release|Any CPU = Release|Any CPU
	EndGlobalSection
	GlobalSection(ProjectConfigurationPlatforms) = postSolution
		{9B210954-3580-4DB9-80C5-FAF72E8AD198}.Debug|Any CPU.ActiveCfg = Debug|Any CPU
		{9B210954-3580-4DB9-80C5-FAF72E8AD198}.Debug|Any CPU.Build.0 = Debug|Any CPU
		{9B210954-3580-4DB9-80C5-FAF72E8AD198}.Release|Any CPU.ActiveCfg = Release|Any CPU
		{9B210954-3580-4DB9-80C5-FAF72E8AD198}.Release|Any CPU.Build.0 = Release|Any CPU
	EndGlobalSection
	GlobalSection(SolutionProperties) = preSolution
		HideSolutionNode = FALSE
	EndGlobalSection
	GlobalSection(ExtensibilityGlobals) = postSolution
		SolutionGuid = {405A317F-2108-4B61-9316-68BABDB553C8}
	EndGlobalSection
EndGlobal
